{
  "name": "YTchannel",
  "lockfileVersion": 3,
  "requires": true,
  "packages": {
    "": {
      "dependencies": {
        "@higgsfield/cli": "^0.1.40"
      }
    },
    "node_modules/@higgsfield/cli": {
      "version": "0.1.40",
      "resolved": "https://registry.npmjs.org/@higgsfield/cli/-/cli-0.1.40.tgz",
      "integrity": "sha512-SgpShjkFZfMomvXAtLUDAp4n6oI/v7smAMJFmc4pCNfwucXYVbBQiLrYHrsXcaC2rJDhiBxhcrkBu0bStmcc7w==",
      "cpu": [
        "x64",
        "arm64"
      ],
      "hasInstallScript": true,
      "os": [
        "darwin",
        "linux",
        "win32"
      ],
      "bin": {
        "higgs": "bin/higgs.js",
        "higgsfield": "bin/higgsfield.js"
      },
      "engines": {
        "node": ">=14"
      }
    }
  }
}
